Microsoft Visual Studio Solution File, Format Version 12.00
# Visual Studio Version 17
VisualStudioVersion = 17.5.2.0
MinimumVisualStudioVersion = 10.0.40219.1
Project("{FAE04EC0-301F-11D3-BF4B-00C04F79EFBC}") = "Day7OOPDemoLab", "Day7OOPDemoLab.csproj", "{8797DF01-A4ED-B571-5C27-09D6745BA1F4}"
EndProject
Global
	GlobalSection(SolutionConfigurationPlatforms) = preSolution
		Debug|Any CPU = Debug|Any CPU
		Release|Any CPU = Release|Any CPU
	EndGlobalSection
	GlobalSection(ProjectConfigurationPlatforms) = postSolution
		{8797DF01-A4ED-B571-5C27-09D6745BA1F4}.Debug|Any CPU.ActiveCfg = Debug|Any CPU
		{8797DF01-A4ED-B571-5C27-09D6745BA1F4}.Debug|Any CPU.Build.0 = Debug|Any CPU
		{8797DF01-A4ED-B571-5C27-09D6745BA1F4}.Release|Any CPU.ActiveCfg = Release|Any CPU
		{8797DF01-A4ED-B571-5C27-09D6745BA1F4}.Release|Any CPU.Build.0 = Release|Any CPU
	EndGlobalSection
	GlobalSection(SolutionProperties) = preSolution
		HideSolutionNode = FALSE
	EndGlobalSection
	GlobalSection(ExtensibilityGlobals) = postSolution
		SolutionGuid = {19A9D813-265D-42F9-B1D5-0A1B4C83C7FA}
	EndGlobalSection
EndGlobal
